// !$*UTF8*$!
{
	archiveVersion = 1;
	classes = {
	};
	objectVersion = 50;
	objects = {

/* Begin PBXBuildFile section */
		402748C7250E41A900104C21 /* SetCardGameViewController.m in Sources */ = {isa = PBXBuildFile; fileRef = 402748C6250E41A900104C21 /* SetCardGameViewController.m */; };
		4061013B2513830F0047D61A /* PlayingCardView.m in Sources */ = {isa = PBXBuildFile; fileRef = 4061013A2513830F0047D61A /* PlayingCardView.m */; };
		4061013E251383EA0047D61A /* SnadboxViewController.mm in Sources */ = {isa = PBXBuildFile; fileRef = 4061013D251383EA0047D61A /* SnadboxViewController.mm */; };
		4061D1A2251BD43B009BBFAF /* SetCardView.mm in Sources */ = {isa = PBXBuildFile; fileRef = 4061D1A0251BD43B009BBFAF /* SetCardView.mm */; };
		4061D1AB25246830009BBFAF /* Card.m in Sources */ = {isa = PBXBuildFile; fileRef = 4061D1A625246830009BBFAF /* Card.m */; };
		4061D1AC25246830009BBFAF /* SetCard.m in Sources */ = {isa = PBXBuildFile; fileRef = 4061D1A825246830009BBFAF /* SetCard.m */; };
		4061D1AD25246830009BBFAF /* PlayingCard.m in Sources */ = {isa = PBXBuildFile; fileRef = 4061D1A925246830009BBFAF /* PlayingCard.m */; };
		4061D1B42524686A009BBFAF /* Deck.m in Sources */ = {isa = PBXBuildFile; fileRef = 4061D1AE2524686A009BBFAF /* Deck.m */; };
		4061D1B52524686A009BBFAF /* PlayingCardDeck.m in Sources */ = {isa = PBXBuildFile; fileRef = 4061D1AF2524686A009BBFAF /* PlayingCardDeck.m */; };
		4061D1B62524686A009BBFAF /* SetCardDeck.m in Sources */ = {isa = PBXBuildFile; fileRef = 4061D1B02524686A009BBFAF /* SetCardDeck.m */; };
		4061D1BB25246895009BBFAF /* CardGameRecord.m in Sources */ = {isa = PBXBuildFile; fileRef = 4061D1B825246895009BBFAF /* CardGameRecord.m */; };
		4061D1BC25246895009BBFAF /* CardMatchingGame.m in Sources */ = {isa = PBXBuildFile; fileRef = 4061D1BA25246895009BBFAF /* CardMatchingGame.m */; };
		407A7A4225065475003D1B78 /* AppDelegate.m in Sources */ = {isa = PBXBuildFile; fileRef = 407A7A4125065475003D1B78 /* AppDelegate.m */; };
		407A7A4525065475003D1B78 /* SceneDelegate.m in Sources */ = {isa = PBXBuildFile; fileRef = 407A7A4425065475003D1B78 /* SceneDelegate.m */; };
		407A7A4B25065475003D1B78 /* Main.storyboard in Resources */ = {isa = PBXBuildFile; fileRef = 407A7A4925065475003D1B78 /* Main.storyboard */; };
		407A7A4D25065476003D1B78 /* Assets.xcassets in Resources */ = {isa = PBXBuildFile; fileRef = 407A7A4C25065476003D1B78 /* Assets.xcassets */; };
		407A7A5025065476003D1B78 /* LaunchScreen.storyboard in Resources */ = {isa = PBXBuildFile; fileRef = 407A7A4E25065476003D1B78 /* LaunchScreen.storyboard */; };
		407A7A5325065476003D1B78 /* main.m in Sources */ = {isa = PBXBuildFile; fileRef = 407A7A5225065476003D1B78 /* main.m */; };
		408473BE25068009002EBE84 /* CardGameViewController.m in Sources */ = {isa = PBXBuildFile; fileRef = 408473BC25068009002EBE84 /* CardGameViewController.m */; };
		40C0A1ED250E07B2002A1486 /* PlayingCardGameViewController.m in Sources */ = {isa = PBXBuildFile; fileRef = 40C0A1EC250E07B2002A1486 /* PlayingCardGameViewController.m */; };
		40CC9A77251B6086005EFE52 /* Grid.m in Sources */ = {isa = PBXBuildFile; fileRef = 40CC9A76251B6086005EFE52 /* Grid.m */; };
/* End PBXBuildFile section */

/* Begin PBXFileReference section */
		402748C5250E41A900104C21 /* SetCardGameViewController.h */ = {isa = PBXFileReference; lastKnownFileType = sourcecode.c.h; name = SetCardGameViewController.h; path = Matchismo/SetCardGameViewController.h; sourceTree = SOURCE_ROOT; };
		402748C6250E41A900104C21 /* SetCardGameViewController.m */ = {isa = PBXFileReference; lastKnownFileType = sourcecode.c.objc; name = SetCardGameViewController.m; path = Matchismo/SetCardGameViewController.m; sourceTree = SOURCE_ROOT; };
		406101392513830F0047D61A /* PlayingCardView.h */ = {isa = PBXFileReference; lastKnownFileType = sourcecode.c.h; name = PlayingCardView.h; path = Matchismo/PlayingCardView.h; sourceTree = SOURCE_ROOT; };
		4061013A2513830F0047D61A /* PlayingCardView.m */ = {isa = PBXFileReference; lastKnownFileType = sourcecode.c.objc; name = PlayingCardView.m; path = Matchismo/PlayingCardView.m; sourceTree = SOURCE_ROOT; };
		4061013D251383EA0047D61A /* SnadboxViewController.mm */ = {isa = PBXFileReference; lastKnownFileType = sourcecode.cpp.objcpp; name = SnadboxViewController.mm; path = Matchismo/SnadboxViewController.mm; sourceTree = SOURCE_ROOT; };
		4061D1A0251BD43B009BBFAF /* SetCardView.mm */ = {isa = PBXFileReference; lastKnownFileType = sourcecode.cpp.objcpp; name = SetCardView.mm; path = Matchismo/SetCardView.mm; sourceTree = SOURCE_ROOT; };
		4061D1A1251BD43B009BBFAF /* SetCardView.h */ = {isa = PBXFileReference; lastKnownFileType = sourcecode.c.h; name = SetCardView.h; path = Matchismo/SetCardView.h; sourceTree = SOURCE_ROOT; };
		4061D1A525246830009BBFAF /* Card.h */ = {isa = PBXFileReference; fileEncoding = 4; lastKnownFileType = sourcecode.c.h; name = Card.h; path = Model/Card.h; sourceTree = SOURCE_ROOT; };
		4061D1A625246830009BBFAF /* Card.m */ = {isa = PBXFileReference; fileEncoding = 4; lastKnownFileType = sourcecode.c.objc; name = Card.m; path = Model/Card.m; sourceTree = SOURCE_ROOT; };
		4061D1A725246830009BBFAF /* PlayingCard.h */ = {isa = PBXFileReference; fileEncoding = 4; lastKnownFileType = sourcecode.c.h; name = PlayingCard.h; path = Model/PlayingCard.h; sourceTree = SOURCE_ROOT; };
		4061D1A825246830009BBFAF /* SetCard.m */ = {isa = PBXFileReference; fileEncoding = 4; lastKnownFileType = sourcecode.c.objc; name = SetCard.m; path = Model/SetCard.m; sourceTree = SOURCE_ROOT; };
		4061D1A925246830009BBFAF /* PlayingCard.m */ = {isa = PBXFileReference; fileEncoding = 4; lastKnownFileType = sourcecode.c.objc; name = PlayingCard.m; path = Model/PlayingCard.m; sourceTree = SOURCE_ROOT; };
		4061D1AA25246830009BBFAF /* SetCard.h */ = {isa = PBXFileReference; fileEncoding = 4; lastKnownFileType = sourcecode.c.h; name = SetCard.h; path = Model/SetCard.h; sourceTree = SOURCE_ROOT; };
		4061D1AE2524686A009BBFAF /* Deck.m */ = {isa = PBXFileReference; fileEncoding = 4; lastKnownFileType = sourcecode.c.objc; name = Deck.m; path = Model/Deck.m; sourceTree = SOURCE_ROOT; };
		4061D1AF2524686A009BBFAF /* PlayingCardDeck.m */ = {isa = PBXFileReference; fileEncoding = 4; lastKnownFileType = sourcecode.c.objc; name = PlayingCardDeck.m; path = Model/PlayingCardDeck.m; sourceTree = SOURCE_ROOT; };
		4061D1B02524686A009BBFAF /* SetCardDeck.m */ = {isa = PBXFileReference; fileEncoding = 4; lastKnownFileType = sourcecode.c.objc; name = SetCardDeck.m; path = Model/SetCardDeck.m; sourceTree = SOURCE_ROOT; };
		4061D1B12524686A009BBFAF /* Deck.h */ = {isa = PBXFileReference; fileEncoding = 4; lastKnownFileType = sourcecode.c.h; name = Deck.h; path = Model/Deck.h; sourceTree = SOURCE_ROOT; };
		4061D1B22524686A009BBFAF /* SetCardDeck.h */ = {isa = PBXFileReference; fileEncoding = 4; lastKnownFileType = sourcecode.c.h; name = SetCardDeck.h; path = Model/SetCardDeck.h; sourceTree = SOURCE_ROOT; };
		4061D1B32524686A009BBFAF /* PlayingCardDeck.h */ = {isa = PBXFileReference; fileEncoding = 4; lastKnownFileType = sourcecode.c.h; name = PlayingCardDeck.h; path = Model/PlayingCardDeck.h; sourceTree = SOURCE_ROOT; };
		4061D1B725246895009BBFAF /* CardMatchingGame.h */ = {isa = PBXFileReference; fileEncoding = 4; lastKnownFileType = sourcecode.c.h; name = CardMatchingGame.h; path = Model/CardMatchingGame.h; sourceTree = SOURCE_ROOT; };
		4061D1B825246895009BBFAF /* CardGameRecord.m */ = {isa = PBXFileReference; fileEncoding = 4; lastKnownFileType = sourcecode.c.objc; name = CardGameRecord.m; path = Model/CardGameRecord.m; sourceTree = SOURCE_ROOT; };
		4061D1B925246895009BBFAF /* CardGameRecord.h */ = {isa = PBXFileReference; fileEncoding = 4; lastKnownFileType = sourcecode.c.h; name = CardGameRecord.h; path = Model/CardGameRecord.h; sourceTree = SOURCE_ROOT; };
		4061D1BA25246895009BBFAF /* CardMatchingGame.m */ = {isa = PBXFileReference; fileEncoding = 4; lastKnownFileType = sourcecode.c.objc; name = CardMatchingGame.m; path = Model/CardMatchingGame.m; sourceTree = SOURCE_ROOT; };
		4061D1BD25246B75009BBFAF /* SnadboxViewController.h */ = {isa = PBXFileReference; fileEncoding = 4; lastKnownFileType = sourcecode.c.h; name = SnadboxViewController.h; path = Matchismo/SnadboxViewController.h; sourceTree = SOURCE_ROOT; };
		407A7A3D25065475003D1B78 /* Matchismo.app */ = {isa = PBXFileReference; explicitFileType = wrapper.application; includeInIndex = 0; path = Matchismo.app; sourceTree = BUILT_PRODUCTS_DIR; };
		407A7A4025065475003D1B78 /* AppDelegate.h */ = {isa = PBXFileReference; lastKnownFileType = sourcecode.c.h; name = AppDelegate.h; path = Matchismo/AppDelegate.h; sourceTree = SOURCE_ROOT; };
		407A7A4125065475003D1B78 /* AppDelegate.m */ = {isa = PBXFileReference; lastKnownFileType = sourcecode.c.objc; name = AppDelegate.m; path = Matchismo/AppDelegate.m; sourceTree = SOURCE_ROOT; };
		407A7A4325065475003D1B78 /* SceneDelegate.h */ = {isa = PBXFileReference; lastKnownFileType = sourcecode.c.h; name = SceneDelegate.h; path = Matchismo/SceneDelegate.h; sourceTree = SOURCE_ROOT; };
		407A7A4425065475003D1B78 /* SceneDelegate.m */ = {isa = PBXFileReference; lastKnownFileType = sourcecode.c.objc; name = SceneDelegate.m; path = Matchismo/SceneDelegate.m; sourceTree = SOURCE_ROOT; };
		407A7A4A25065475003D1B78 /* Base */ = {isa = PBXFileReference; lastKnownFileType = file.storyboard; name = Base; path = Base.lproj/Main.storyboard; sourceTree = "<group>"; };
		407A7A4C25065476003D1B78 /* Assets.xcassets */ = {isa = PBXFileReference; lastKnownFileType = folder.assetcatalog; name = Assets.xcassets; path = Matchismo/Assets.xcassets; sourceTree = SOURCE_ROOT; };
		407A7A4F25065476003D1B78 /* Base */ = {isa = PBXFileReference; lastKnownFileType = file.storyboard; name = Base; path = Base.lproj/LaunchScreen.storyboard; sourceTree = "<group>"; };
		407A7A5125065476003D1B78 /* Info.plist */ = {isa = PBXFileReference; lastKnownFileType = text.plist.xml; name = Info.plist; path = Matchismo/Info.plist; sourceTree = SOURCE_ROOT; };
		407A7A5225065476003D1B78 /* main.m */ = {isa = PBXFileReference; lastKnownFileType = sourcecode.c.objc; name = main.m; path = Matchismo/main.m; sourceTree = SOURCE_ROOT; };
		408473BC25068009002EBE84 /* CardGameViewController.m */ = {isa = PBXFileReference; fileEncoding = 4; lastKnownFileType = sourcecode.c.objc; name = CardGameViewController.m; path = Matchismo/CardGameViewController.m; sourceTree = SOURCE_ROOT; };
		408473BD25068009002EBE84 /* CardGameViewController.h */ = {isa = PBXFileReference; fileEncoding = 4; lastKnownFileType = sourcecode.c.h; name = CardGameViewController.h; path = Matchismo/CardGameViewController.h; sourceTree = SOURCE_ROOT; };
		40C0A1EB250E07B2002A1486 /* PlayingCardGameViewController.h */ = {isa = PBXFileReference; lastKnownFileType = sourcecode.c.h; name = PlayingCardGameViewController.h; path = Matchismo/PlayingCardGameViewController.h; sourceTree = SOURCE_ROOT; };
		40C0A1EC250E07B2002A1486 /* PlayingCardGameViewController.m */ = {isa = PBXFileReference; lastKnownFileType = sourcecode.c.objc; name = PlayingCardGameViewController.m; path = Matchismo/PlayingCardGameViewController.m; sourceTree = SOURCE_ROOT; };
		40CC9A76251B6086005EFE52 /* Grid.m */ = {isa = PBXFileReference; fileEncoding = 4; lastKnownFileType = sourcecode.c.objc; name = Grid.m; path = Matchismo/Grid.m; sourceTree = SOURCE_ROOT; };
		40CC9A78251B60E5005EFE52 /* Grid.h */ = {isa = PBXFileReference; fileEncoding = 4; lastKnownFileType = sourcecode.c.h; name = Grid.h; path = Matchismo/Grid.h; sourceTree = SOURCE_ROOT; };
/* End PBXFileReference section */

/* Begin PBXFrameworksBuildPhase section */
		407A7A3A25065475003D1B78 /* Frameworks */ = {
			isa = PBXFrameworksBuildPhase;
			buildActionMask = 2147483647;
			files = (
			);
			runOnlyForDeploymentPostprocessing = 0;
		};
/* End PBXFrameworksBuildPhase section */

/* Begin PBXGroup section */
		40402227251B59AA001CF7EC /* App */ = {
			isa = PBXGroup;
			children = (
				407A7A5225065476003D1B78 /* main.m */,
				407A7A5125065476003D1B78 /* Info.plist */,
				407A7A4025065475003D1B78 /* AppDelegate.h */,
				407A7A4125065475003D1B78 /* AppDelegate.m */,
				407A7A4325065475003D1B78 /* SceneDelegate.h */,
				407A7A4425065475003D1B78 /* SceneDelegate.m */,
			);
			path = App;
			sourceTree = "<group>";
		};
		40402228251B59CF001CF7EC /* Layout */ = {
			isa = PBXGroup;
			children = (
				407A7A4925065475003D1B78 /* Main.storyboard */,
				407A7A4C25065476003D1B78 /* Assets.xcassets */,
				407A7A4E25065476003D1B78 /* LaunchScreen.storyboard */,
			);
			path = Layout;
			sourceTree = "<group>";
		};
		40402229251B59F4001CF7EC /* VC */ = {
			isa = PBXGroup;
			children = (
				408473BD25068009002EBE84 /* CardGameViewController.h */,
				408473BC25068009002EBE84 /* CardGameViewController.m */,
				40CC9A78251B60E5005EFE52 /* Grid.h */,
				40CC9A76251B6086005EFE52 /* Grid.m */,
				40C0A1EB250E07B2002A1486 /* PlayingCardGameViewController.h */,
				40C0A1EC250E07B2002A1486 /* PlayingCardGameViewController.m */,
				402748C5250E41A900104C21 /* SetCardGameViewController.h */,
				402748C6250E41A900104C21 /* SetCardGameViewController.m */,
				4061D1BD25246B75009BBFAF /* SnadboxViewController.h */,
				4061013D251383EA0047D61A /* SnadboxViewController.mm */,
			);
			path = VC;
			sourceTree = "<group>";
		};
		4040222B251B5B4F001CF7EC /* View */ = {
			isa = PBXGroup;
			children = (
				406101392513830F0047D61A /* PlayingCardView.h */,
				4061013A2513830F0047D61A /* PlayingCardView.m */,
				4061D1A1251BD43B009BBFAF /* SetCardView.h */,
				4061D1A0251BD43B009BBFAF /* SetCardView.mm */,
			);
			path = View;
			sourceTree = "<group>";
		};
		4040224A251B5CAD001CF7EC /* Deck */ = {
			isa = PBXGroup;
			children = (
				4061D1B12524686A009BBFAF /* Deck.h */,
				4061D1AE2524686A009BBFAF /* Deck.m */,
				4061D1B32524686A009BBFAF /* PlayingCardDeck.h */,
				4061D1AF2524686A009BBFAF /* PlayingCardDeck.m */,
				4061D1B22524686A009BBFAF /* SetCardDeck.h */,
				4061D1B02524686A009BBFAF /* SetCardDeck.m */,
			);
			name = Deck;
			path = Matchismo/Model/Deck;
			sourceTree = SOURCE_ROOT;
		};
		40402251251B5CAD001CF7EC /* Card */ = {
			isa = PBXGroup;
			children = (
				4061D1A525246830009BBFAF /* Card.h */,
				4061D1A625246830009BBFAF /* Card.m */,
				4061D1A725246830009BBFAF /* PlayingCard.h */,
				4061D1A925246830009BBFAF /* PlayingCard.m */,
				4061D1AA25246830009BBFAF /* SetCard.h */,
				4061D1A825246830009BBFAF /* SetCard.m */,
			);
			name = Card;
			path = Matchismo/Model/Card;
			sourceTree = SOURCE_ROOT;
		};
		40402258251B5CAD001CF7EC /* Game */ = {
			isa = PBXGroup;
			children = (
				4061D1B925246895009BBFAF /* CardGameRecord.h */,
				4061D1B825246895009BBFAF /* CardGameRecord.m */,
				4061D1B725246895009BBFAF /* CardMatchingGame.h */,
				4061D1BA25246895009BBFAF /* CardMatchingGame.m */,
			);
			name = Game;
			path = Matchismo/Model/Game;
			sourceTree = SOURCE_ROOT;
		};
		407A7A3425065475003D1B78 = {
			isa = PBXGroup;
			children = (
				407A7A3F25065475003D1B78 /* Matchismo */,
				407A7A3E25065475003D1B78 /* Products */,
			);
			sourceTree = "<group>";
		};
		407A7A3E25065475003D1B78 /* Products */ = {
			isa = PBXGroup;
			children = (
				407A7A3D25065475003D1B78 /* Matchismo.app */,
			);
			name = Products;
			sourceTree = "<group>";
		};
		407A7A3F25065475003D1B78 /* Matchismo */ = {
			isa = PBXGroup;
			children = (
				40C0A1F1250E16B2002A1486 /* Model */,
				40402229251B59F4001CF7EC /* VC */,
				40402228251B59CF001CF7EC /* Layout */,
				4040222B251B5B4F001CF7EC /* View */,
				40402227251B59AA001CF7EC /* App */,
			);
			path = Matchismo;
			sourceTree = "<group>";
		};
		40C0A1F1250E16B2002A1486 /* Model */ = {
			isa = PBXGroup;
			children = (
				40402251251B5CAD001CF7EC /* Card */,
				4040224A251B5CAD001CF7EC /* Deck */,
				40402258251B5CAD001CF7EC /* Game */,
			);
			path = Model;
			sourceTree = SOURCE_ROOT;
		};
/* End PBXGroup section */

/* Begin PBXNativeTarget section */
		407A7A3C25065475003D1B78 /* Matchismo */ = {
			isa = PBXNativeTarget;
			buildConfigurationList = 407A7A5625065476003D1B78 /* Build configuration list for PBXNativeTarget "Matchismo" */;
			buildPhases = (
				407A7A3925065475003D1B78 /* Sources */,
				407A7A3A25065475003D1B78 /* Frameworks */,
				407A7A3B25065475003D1B78 /* Resources */,
			);
			buildRules = (
			);
			dependencies = (
			);
			name = Matchismo;
			productName = Matchismo;
			productReference = 407A7A3D25065475003D1B78 /* Matchismo.app */;
			productType = "com.apple.product-type.application";
		};
/* End PBXNativeTarget section */

/* Begin PBXProject section */
		407A7A3525065475003D1B78 /* Project object */ = {
			isa = PBXProject;
			attributes = {
				LastUpgradeCheck = 1170;
				ORGANIZATIONNAME = "Ilia Benditkis";
				TargetAttributes = {
					407A7A3C25065475003D1B78 = {
						CreatedOnToolsVersion = 11.7;
					};
				};
			};
			buildConfigurationList = 407A7A3825065475003D1B78 /* Build configuration list for PBXProject "Matchismo" */;
			compatibilityVersion = "Xcode 9.3";
			developmentRegion = en;
			hasScannedForEncodings = 0;
			knownRegions = (
				en,
				Base,
			);
			mainGroup = 407A7A3425065475003D1B78;
			productRefGroup = 407A7A3E25065475003D1B78 /* Products */;
			projectDirPath = "";
			projectRoot = "";
			targets = (
				407A7A3C25065475003D1B78 /* Matchismo */,
			);
		};
/* End PBXProject section */

/* Begin PBXResourcesBuildPhase section */
		407A7A3B25065475003D1B78 /* Resources */ = {
			isa = PBXResourcesBuildPhase;
			buildActionMask = 2147483647;
			files = (
				407A7A5025065476003D1B78 /* LaunchScreen.storyboard in Resources */,
				407A7A4D25065476003D1B78 /* Assets.xcassets in Resources */,
				407A7A4B25065475003D1B78 /* Main.storyboard in Resources */,
			);
			runOnlyForDeploymentPostprocessing = 0;
		};
/* End PBXResourcesBuildPhase section */

/* Begin PBXSourcesBuildPhase section */
		407A7A3925065475003D1B78 /* Sources */ = {
			isa = PBXSourcesBuildPhase;
			buildActionMask = 2147483647;
			files = (
				4061013E251383EA0047D61A /* SnadboxViewController.mm in Sources */,
				402748C7250E41A900104C21 /* SetCardGameViewController.m in Sources */,
				4061D1B62524686A009BBFAF /* SetCardDeck.m in Sources */,
				407A7A4225065475003D1B78 /* AppDelegate.m in Sources */,
				4061D1AC25246830009BBFAF /* SetCard.m in Sources */,
				40C0A1ED250E07B2002A1486 /* PlayingCardGameViewController.m in Sources */,
				4061013B2513830F0047D61A /* PlayingCardView.m in Sources */,
				4061D1B42524686A009BBFAF /* Deck.m in Sources */,
				408473BE25068009002EBE84 /* CardGameViewController.m in Sources */,
				4061D1AD25246830009BBFAF /* PlayingCard.m in Sources */,
				4061D1AB25246830009BBFAF /* Card.m in Sources */,
				40CC9A77251B6086005EFE52 /* Grid.m in Sources */,
				4061D1BC25246895009BBFAF /* CardMatchingGame.m in Sources */,
				4061D1B52524686A009BBFAF /* PlayingCardDeck.m in Sources */,
				407A7A5325065476003D1B78 /* main.m in Sources */,
				4061D1BB25246895009BBFAF /* CardGameRecord.m in Sources */,
				407A7A4525065475003D1B78 /* SceneDelegate.m in Sources */,
				4061D1A2251BD43B009BBFAF /* SetCardView.mm in Sources */,
			);
			runOnlyForDeploymentPostprocessing = 0;
		};
/* End PBXSourcesBuildPhase section */

/* Begin PBXVariantGroup section */
		407A7A4925065475003D1B78 /* Main.storyboard */ = {
			isa = PBXVariantGroup;
			children = (
				407A7A4A25065475003D1B78 /* Base */,
			);
			name = Main.storyboard;
			path = Matchismo;
			sourceTree = SOURCE_ROOT;
		};
		407A7A4E25065476003D1B78 /* LaunchScreen.storyboard */ = {
			isa = PBXVariantGroup;
			children = (
				407A7A4F25065476003D1B78 /* Base */,
			);
			name = LaunchScreen.storyboard;
			path = Matchismo;
			sourceTree = SOURCE_ROOT;
		};
/* End PBXVariantGroup section */

/* Begin XCBuildConfiguration section */
		407A7A5425065476003D1B78 /* Debug */ = {
			isa = XCBuildConfiguration;
			buildSettings = {
				ALWAYS_SEARCH_USER_PATHS = NO;
				CLANG_ANALYZER_NONNULL = YES;
				CLANG_ANALYZER_NUMBER_OBJECT_CONVERSION = YES_AGGRESSIVE;
				CLANG_CXX_LANGUAGE_STANDARD = "gnu++14";
				CLANG_CXX_LIBRARY = "libc++";
				CLANG_ENABLE_MODULES = YES;
				CLANG_ENABLE_OBJC_ARC = YES;
				CLANG_ENABLE_OBJC_WEAK = YES;
				CLANG_WARN_BLOCK_CAPTURE_AUTORELEASING = YES;
				CLANG_WARN_BOOL_CONVERSION = YES;
				CLANG_WARN_COMMA = YES;
				CLANG_WARN_CONSTANT_CONVERSION = YES;
				CLANG_WARN_DEPRECATED_OBJC_IMPLEMENTATIONS = YES;
				CLANG_WARN_DIRECT_OBJC_ISA_USAGE = YES_ERROR;
				CLANG_WARN_DOCUMENTATION_COMMENTS = YES;
				CLANG_WARN_EMPTY_BODY = YES;
				CLANG_WARN_ENUM_CONVERSION = YES;
				CLANG_WARN_INFINITE_RECURSION = YES;
				CLANG_WARN_INT_CONVERSION = YES;
				CLANG_WARN_NON_LITERAL_NULL_CONVERSION = YES;
				CLANG_WARN_OBJC_IMPLICIT_RETAIN_SELF = YES;
				CLANG_WARN_OBJC_LITERAL_CONVERSION = YES;
				CLANG_WARN_OBJC_ROOT_CLASS = YES_ERROR;
				CLANG_WARN_RANGE_LOOP_ANALYSIS = YES;
				CLANG_WARN_STRICT_PROTOTYPES = YES;
				CLANG_WARN_SUSPICIOUS_MOVE = YES;
				CLANG_WARN_UNGUARDED_AVAILABILITY = YES_AGGRESSIVE;
				CLANG_WARN_UNREACHABLE_CODE = YES;
				CLANG_WARN__DUPLICATE_METHOD_MATCH = YES;
				COPY_PHASE_STRIP = NO;
				DEBUG_INFORMATION_FORMAT = dwarf;
				ENABLE_STRICT_OBJC_MSGSEND = YES;
				ENABLE_TESTABILITY = YES;
				GCC_C_LANGUAGE_STANDARD = gnu11;
				GCC_DYNAMIC_NO_PIC = NO;
				GCC_NO_COMMON_BLOCKS = YES;
				GCC_OPTIMIZATION_LEVEL = 0;
				GCC_PREPROCESSOR_DEFINITIONS = (
					"DEBUG=1",
					"$(inherited)",
				);
				GCC_WARN_64_TO_32_BIT_CONVERSION = YES;
				GCC_WARN_ABOUT_RETURN_TYPE = YES_ERROR;
				GCC_WARN_UNDECLARED_SELECTOR = YES;
				GCC_WARN_UNINITIALIZED_AUTOS = YES_AGGRESSIVE;
				GCC_WARN_UNUSED_FUNCTION = YES;
				GCC_WARN_UNUSED_VARIABLE = YES;
				IPHONEOS_DEPLOYMENT_TARGET = 13.7;
				MTL_ENABLE_DEBUG_INFO = INCLUDE_SOURCE;
				MTL_FAST_MATH = YES;
				ONLY_ACTIVE_ARCH = YES;
				SDKROOT = iphoneos;
			};
			name = Debug;
		};
		407A7A5525065476003D1B78 /* Release */ = {
			isa = XCBuildConfiguration;
			buildSettings = {
				ALWAYS_SEARCH_USER_PATHS = NO;
				CLANG_ANALYZER_NONNULL = YES;
				CLANG_ANALYZER_NUMBER_OBJECT_CONVERSION = YES_AGGRESSIVE;
				CLANG_CXX_LANGUAGE_STANDARD = "gnu++14";
				CLANG_CXX_LIBRARY = "libc++";
				CLANG_ENABLE_MODULES = YES;
				CLANG_ENABLE_OBJC_ARC = YES;
				CLANG_ENABLE_OBJC_WEAK = YES;
				CLANG_WARN_BLOCK_CAPTURE_AUTORELEASING = YES;
				CLANG_WARN_BOOL_CONVERSION = YES;
				CLANG_WARN_COMMA = YES;
				CLANG_WARN_CONSTANT_CONVERSION = YES;
				CLANG_WARN_DEPRECATED_OBJC_IMPLEMENTATIONS = YES;
				CLANG_WARN_DIRECT_OBJC_ISA_USAGE = YES_ERROR;
				CLANG_WARN_DOCUMENTATION_COMMENTS = YES;
				CLANG_WARN_EMPTY_BODY = YES;
				CLANG_WARN_ENUM_CONVERSION = YES;
				CLANG_WARN_INFINITE_RECURSION = YES;
				CLANG_WARN_INT_CONVERSION = YES;
				CLANG_WARN_NON_LITERAL_NULL_CONVERSION = YES;
				CLANG_WARN_OBJC_IMPLICIT_RETAIN_SELF = YES;
				CLANG_WARN_OBJC_LITERAL_CONVERSION = YES;
				CLANG_WARN_OBJC_ROOT_CLASS = YES_ERROR;
				CLANG_WARN_RANGE_LOOP_ANALYSIS = YES;
				CLANG_WARN_STRICT_PROTOTYPES = YES;
				CLANG_WARN_SUSPICIOUS_MOVE = YES;
				CLANG_WARN_UNGUARDED_AVAILABILITY = YES_AGGRESSIVE;
				CLANG_WARN_UNREACHABLE_CODE = YES;
				CLANG_WARN__DUPLICATE_METHOD_MATCH = YES;
				COPY_PHASE_STRIP = NO;
				DEBUG_INFORMATION_FORMAT = "dwarf-with-dsym";
				ENABLE_NS_ASSERTIONS = NO;
				ENABLE_STRICT_OBJC_MSGSEND = YES;
				GCC_C_LANGUAGE_STANDARD = gnu11;
				GCC_NO_COMMON_BLOCKS = YES;
				GCC_WARN_64_TO_32_BIT_CONVERSION = YES;
				GCC_WARN_ABOUT_RETURN_TYPE = YES_ERROR;
				GCC_WARN_UNDECLARED_SELECTOR = YES;
				GCC_WARN_UNINITIALIZED_AUTOS = YES_AGGRESSIVE;
				GCC_WARN_UNUSED_FUNCTION = YES;
				GCC_WARN_UNUSED_VARIABLE = YES;
				IPHONEOS_DEPLOYMENT_TARGET = 13.7;
				MTL_ENABLE_DEBUG_INFO = NO;
				MTL_FAST_MATH = YES;
				SDKROOT = iphoneos;
				VALIDATE_PRODUCT = YES;
			};
			name = Release;
		};
		407A7A5725065476003D1B78 /* Debug */ = {
			isa = XCBuildConfiguration;
			buildSettings = {
				ASSETCATALOG_COMPILER_APPICON_NAME = AppIcon;
				CODE_SIGN_IDENTITY = "Apple Development";
				CODE_SIGN_STYLE = Automatic;
				DEVELOPMENT_TEAM = KG6GWND6BG;
				INFOPLIST_FILE = Matchismo/Info.plist;
				IPHONEOS_DEPLOYMENT_TARGET = 13.4;
				LD_RUNPATH_SEARCH_PATHS = (
					"$(inherited)",
					"@executable_path/Frameworks",
				);
				PRODUCT_BUNDLE_IDENTIFIER = com.lightricks.Matchismo;
				PRODUCT_NAME = "$(TARGET_NAME)";
				PROVISIONING_PROFILE_SPECIFIER = "";
				TARGETED_DEVICE_FAMILY = "1,2";
			};
			name = Debug;
		};
		407A7A5825065476003D1B78 /* Release */ = {
			isa = XCBuildConfiguration;
			buildSettings = {
				ASSETCATALOG_COMPILER_APPICON_NAME = AppIcon;
				CODE_SIGN_IDENTITY = "Apple Development";
				CODE_SIGN_STYLE = Automatic;
				DEVELOPMENT_TEAM = KG6GWND6BG;
				INFOPLIST_FILE = Matchismo/Info.plist;
				IPHONEOS_DEPLOYMENT_TARGET = 13.4;
				LD_RUNPATH_SEARCH_PATHS = (
					"$(inherited)",
					"@executable_path/Frameworks",
				);
				PRODUCT_BUNDLE_IDENTIFIER = com.lightricks.Matchismo;
				PRODUCT_NAME = "$(TARGET_NAME)";
				PROVISIONING_PROFILE_SPECIFIER = "";
				TARGETED_DEVICE_FAMILY = "1,2";
			};
			name = Release;
		};
/* End XCBuildConfiguration section */

/* Begin XCConfigurationList section */
		407A7A3825065475003D1B78 /* Build configuration list for PBXProject "Matchismo" */ = {
			isa = XCConfigurationList;
			buildConfigurations = (
				407A7A5425065476003D1B78 /* Debug */,
				407A7A5525065476003D1B78 /* Release */,
			);
			defaultConfigurationIsVisible = 0;
			defaultConfigurationName = Release;
		};
		407A7A5625065476003D1B78 /* Build configuration list for PBXNativeTarget "Matchismo" */ = {
			isa = XCConfigurationList;
			buildConfigurations = (
				407A7A5725065476003D1B78 /* Debug */,
				407A7A5825065476003D1B78 /* Release */,
			);
			defaultConfigurationIsVisible = 0;
			defaultConfigurationName = Release;
		};
/* End XCConfigurationList section */
	};
	rootObject = 407A7A3525065475003D1B78 /* Project object */;
}
